
Microsoft Visual Studio Solution File, Format Version 12.00
# Visual Studio Version 17
VisualStudioVersion = 17.5.33414.496
MinimumVisualStudioVersion = 10.0.40219.1
Project("{FAE04EC0-301F-11D3-BF4B-00C04F79EFBC}") = "OrtizSql", "OrtizSql.csproj", "{A0A70B78-8429-4718-A0AB-B477F4715FAE}"
EndProject
Global
	GlobalSection(SolutionConfigurationPlatforms) = preSolution
		Debug|Any CPU = Debug|Any CPU
		Release|Any CPU = Release|Any CPU
	EndGlobalSection
	GlobalSection(ProjectConfigurationPlatforms) = postSolution
		{A0A70B78-8429-4718-A0AB-B477F4715FAE}.Debug|Any CPU.ActiveCfg = Debug|Any CPU
		{A0A70B78-8429-4718-A0AB-B477F4715FAE}.Debug|Any CPU.Build.0 = Debug|Any CPU
		{A0A70B78-8429-4718-A0AB-B477F4715FAE}.Release|Any CPU.ActiveCfg = Release|Any CPU
		{A0A70B78-8429-4718-A0AB-B477F4715FAE}.Release|Any CPU.Build.0 = Release|Any CPU
	EndGlobalSection
	GlobalSection(SolutionProperties) = preSolution
		HideSolutionNode = FALSE
	EndGlobalSection
	GlobalSection(ExtensibilityGlobals) = postSolution
		SolutionGuid = {D8392490-0B3E-44E0-944E-41DAA193D45D}
	EndGlobalSection
EndGlobal
